
Microsoft Visual Studio Solution File, Format Version 12.00
# Visual Studio Version 17
VisualStudioVersion = 17.0.31903.59
MinimumVisualStudioVersion = 10.0.40219.1
Project("{2150E333-8FDC-42A3-9474-1A3956D46DE8}") = "Assignment7", "Assignment7", "{BE07F807-6B76-EC53-B6DC-FCFBF4AD6D93}"
EndProject
Project("{FAE04EC0-301F-11D3-BF4B-00C04F79EFBC}") = "MultipleCollections", "Assignment7\MultipleCollections\MultipleCollections.csproj", "{D0FB7980-9FE9-4C11-A456-8B4DF841C027}"
EndProject
Project("{FAE04EC0-301F-11D3-BF4B-00C04F79EFBC}") = "LambdaExpressions", "Assignment7\LambdaExpressions\LambdaExpressions.csproj", "{A0D3CF9A-AF31-45D0-97FE-FEEF2687127C}"
EndProject
Project("{FAE04EC0-301F-11D3-BF4B-00C04F79EFBC}") = "Audit", "Assignment7\Audit\Audit.csproj", "{2EAD9D25-611C-4A73-8476-74F578E7A6FB}"
EndProject
Project("{2150E333-8FDC-42A3-9474-1A3956D46DE8}") = "Assignment8", "Assignment8", "{BC594A6B-9950-1681-97C3-80EA6D7A4381}"
EndProject
Project("{FAE04EC0-301F-11D3-BF4B-00C04F79EFBC}") = "MulticastDelagates", "Assignment8\MulticastDelagates\MulticastDelagates.csproj", "{987B6E14-FC26-413A-9995-AAB609520FBD}"
EndProject
Project("{FAE04EC0-301F-11D3-BF4B-00C04F79EFBC}") = "WorkingWithDelegates", "Assignment8\WorkingWithDelegates\WorkingWithDelegates.csproj", "{68F7879A-AE73-4568-8626-0C1096C9591E}"
EndProject
Project("{FAE04EC0-301F-11D3-BF4B-00C04F79EFBC}") = "EventDelegate", "Assignment8\EventDelegate\EventDelegate.csproj", "{704EBE41-CA6C-4351-AB5F-6221FDF53EAB}"
EndProject
Project("{2150E333-8FDC-42A3-9474-1A3956D46DE8}") = "Assignment9", "Assignment9", "{5B072B29-6D10-6642-65E4-951F29C97508}"
EndProject
Project("{FAE04EC0-301F-11D3-BF4B-00C04F79EFBC}") = "LinqQuery", "Assignment9\LinqQuery\LinqQuery.csproj", "{4AB0E8C8-FF34-4972-9D1D-F1A01C74395F}"
EndProject
Project("{FAE04EC0-301F-11D3-BF4B-00C04F79EFBC}") = "LinqMethod", "Assignment9\LinqMethod\LinqMethod.csproj", "{C941E426-79DF-4123-B610-5E1F303ABDF8}"
EndProject
Project("{FAE04EC0-301F-11D3-BF4B-00C04F79EFBC}") = "OperatorOverload", "Assignment9\OperatorOverload\OperatorOverload.csproj", "{EBFABA9F-5479-4B11-BD76-BBD992BF1731}"
EndProject
Project("{FAE04EC0-301F-11D3-BF4B-00C04F79EFBC}") = "MoreOverloading", "Assignment9\MoreOverloading\MoreOverloading.csproj", "{FBC2E79B-2BC7-4623-9E0A-7CB5FF9CA68A}"
EndProject
Global
	GlobalSection(SolutionConfigurationPlatforms) = preSolution
		Debug|Any CPU = Debug|Any CPU
		Debug|x64 = Debug|x64
		Debug|x86 = Debug|x86
		Release|Any CPU = Release|Any CPU
		Release|x64 = Release|x64
		Release|x86 = Release|x86
	EndGlobalSection
	GlobalSection(ProjectConfigurationPlatforms) = postSolution
		{D0FB7980-9FE9-4C11-A456-8B4DF841C027}.Debug|Any CPU.ActiveCfg = Debug|Any CPU
		{D0FB7980-9FE9-4C11-A456-8B4DF841C027}.Debug|Any CPU.Build.0 = Debug|Any CPU
		{D0FB7980-9FE9-4C11-A456-8B4DF841C027}.Debug|x64.ActiveCfg = Debug|Any CPU
		{D0FB7980-9FE9-4C11-A456-8B4DF841C027}.Debug|x64.Build.0 = Debug|Any CPU
		{D0FB7980-9FE9-4C11-A456-8B4DF841C027}.Debug|x86.ActiveCfg = Debug|Any CPU
		{D0FB7980-9FE9-4C11-A456-8B4DF841C027}.Debug|x86.Build.0 = Debug|Any CPU
		{D0FB7980-9FE9-4C11-A456-8B4DF841C027}.Release|Any CPU.ActiveCfg = Release|Any CPU
		{D0FB7980-9FE9-4C11-A456-8B4DF841C027}.Release|Any CPU.Build.0 = Release|Any CPU
		{D0FB7980-9FE9-4C11-A456-8B4DF841C027}.Release|x64.ActiveCfg = Release|Any CPU
		{D0FB7980-9FE9-4C11-A456-8B4DF841C027}.Release|x64.Build.0 = Release|Any CPU
		{D0FB7980-9FE9-4C11-A456-8B4DF841C027}.Release|x86.ActiveCfg = Release|Any CPU
		{D0FB7980-9FE9-4C11-A456-8B4DF841C027}.Release|x86.Build.0 = Release|Any CPU
		{A0D3CF9A-AF31-45D0-97FE-FEEF2687127C}.Debug|Any CPU.ActiveCfg = Debug|Any CPU
		{A0D3CF9A-AF31-45D0-97FE-FEEF2687127C}.Debug|Any CPU.Build.0 = Debug|Any CPU
		{A0D3CF9A-AF31-45D0-97FE-FEEF2687127C}.Debug|x64.ActiveCfg = Debug|Any CPU
		{A0D3CF9A-AF31-45D0-97FE-FEEF2687127C}.Debug|x64.Build.0 = Debug|Any CPU
		{A0D3CF9A-AF31-45D0-97FE-FEEF2687127C}.Debug|x86.ActiveCfg = Debug|Any CPU
		{A0D3CF9A-AF31-45D0-97FE-FEEF2687127C}.Debug|x86.Build.0 = Debug|Any CPU
		{A0D3CF9A-AF31-45D0-97FE-FEEF2687127C}.Release|Any CPU.ActiveCfg = Release|Any CPU
		{A0D3CF9A-AF31-45D0-97FE-FEEF2687127C}.Release|Any CPU.Build.0 = Release|Any CPU
		{A0D3CF9A-AF31-45D0-97FE-FEEF2687127C}.Release|x64.ActiveCfg = Release|Any CPU
		{A0D3CF9A-AF31-45D0-97FE-FEEF2687127C}.Release|x64.Build.0 = Release|Any CPU
		{A0D3CF9A-AF31-45D0-97FE-FEEF2687127C}.Release|x86.ActiveCfg = Release|Any CPU
		{A0D3CF9A-AF31-45D0-97FE-FEEF2687127C}.Release|x86.Build.0 = Release|Any CPU
		{2EAD9D25-611C-4A73-8476-74F578E7A6FB}.Debug|Any CPU.ActiveCfg = Debug|Any CPU
		{2EAD9D25-611C-4A73-8476-74F578E7A6FB}.Debug|Any CPU.Build.0 = Debug|Any CPU
		{2EAD9D25-611C-4A73-8476-74F578E7A6FB}.Debug|x64.ActiveCfg = Debug|Any CPU
		{2EAD9D25-611C-4A73-8476-74F578E7A6FB}.Debug|x64.Build.0 = Debug|Any CPU
		{2EAD9D25-611C-4A73-8476-74F578E7A6FB}.Debug|x86.ActiveCfg = Debug|Any CPU
		{2EAD9D25-611C-4A73-8476-74F578E7A6FB}.Debug|x86.Build.0 = Debug|Any CPU
		{2EAD9D25-611C-4A73-8476-74F578E7A6FB}.Release|Any CPU.ActiveCfg = Release|Any CPU
		{2EAD9D25-611C-4A73-8476-74F578E7A6FB}.Release|Any CPU.Build.0 = Release|Any CPU
		{2EAD9D25-611C-4A73-8476-74F578E7A6FB}.Release|x64.ActiveCfg = Release|Any CPU
		{2EAD9D25-611C-4A73-8476-74F578E7A6FB}.Release|x64.Build.0 = Release|Any CPU
		{2EAD9D25-611C-4A73-8476-74F578E7A6FB}.Release|x86.ActiveCfg = Release|Any CPU
		{2EAD9D25-611C-4A73-8476-74F578E7A6FB}.Release|x86.Build.0 = Release|Any CPU
		{987B6E14-FC26-413A-9995-AAB609520FBD}.Debug|Any CPU.ActiveCfg = Debug|Any CPU
		{987B6E14-FC26-413A-9995-AAB609520FBD}.Debug|Any CPU.Build.0 = Debug|Any CPU
		{987B6E14-FC26-413A-9995-AAB609520FBD}.Debug|x64.ActiveCfg = Debug|Any CPU
		{987B6E14-FC26-413A-9995-AAB609520FBD}.Debug|x64.Build.0 = Debug|Any CPU
		{987B6E14-FC26-413A-9995-AAB609520FBD}.Debug|x86.ActiveCfg = Debug|Any CPU
		{987B6E14-FC26-413A-9995-AAB609520FBD}.Debug|x86.Build.0 = Debug|Any CPU
		{987B6E14-FC26-413A-9995-AAB609520FBD}.Release|Any CPU.ActiveCfg = Release|Any CPU
		{987B6E14-FC26-413A-9995-AAB609520FBD}.Release|Any CPU.Build.0 = Release|Any CPU
		{987B6E14-FC26-413A-9995-AAB609520FBD}.Release|x64.ActiveCfg = Release|Any CPU
		{987B6E14-FC26-413A-9995-AAB609520FBD}.Release|x64.Build.0 = Release|Any CPU
		{987B6E14-FC26-413A-9995-AAB609520FBD}.Release|x86.ActiveCfg = Release|Any CPU
		{987B6E14-FC26-413A-9995-AAB609520FBD}.Release|x86.Build.0 = Release|Any CPU
		{68F7879A-AE73-4568-8626-0C1096C9591E}.Debug|Any CPU.ActiveCfg = Debug|Any CPU
		{68F7879A-AE73-4568-8626-0C1096C9591E}.Debug|Any CPU.Build.0 = Debug|Any CPU
		{68F7879A-AE73-4568-8626-0C1096C9591E}.Debug|x64.ActiveCfg = Debug|Any CPU
		{68F7879A-AE73-4568-8626-0C1096C9591E}.Debug|x64.Build.0 = Debug|Any CPU
		{68F7879A-AE73-4568-8626-0C1096C9591E}.Debug|x86.ActiveCfg = Debug|Any CPU
		{68F7879A-AE73-4568-8626-0C1096C9591E}.Debug|x86.Build.0 = Debug|Any CPU
		{68F7879A-AE73-4568-8626-0C1096C9591E}.Release|Any CPU.ActiveCfg = Release|Any CPU
		{68F7879A-AE73-4568-8626-0C1096C9591E}.Release|Any CPU.Build.0 = Release|Any CPU
		{68F7879A-AE73-4568-8626-0C1096C9591E}.Release|x64.ActiveCfg = Release|Any CPU
		{68F7879A-AE73-4568-8626-0C1096C9591E}.Release|x64.Build.0 = Release|Any CPU
		{68F7879A-AE73-4568-8626-0C1096C9591E}.Release|x86.ActiveCfg = Release|Any CPU
		{68F7879A-AE73-4568-8626-0C1096C9591E}.Release|x86.Build.0 = Release|Any CPU
		{704EBE41-CA6C-4351-AB5F-6221FDF53EAB}.Debug|Any CPU.ActiveCfg = Debug|Any CPU
		{704EBE41-CA6C-4351-AB5F-6221FDF53EAB}.Debug|Any CPU.Build.0 = Debug|Any CPU
		{704EBE41-CA6C-4351-AB5F-6221FDF53EAB}.Debug|x64.ActiveCfg = Debug|Any CPU
		{704EBE41-CA6C-4351-AB5F-6221FDF53EAB}.Debug|x64.Build.0 = Debug|Any CPU
		{704EBE41-CA6C-4351-AB5F-6221FDF53EAB}.Debug|x86.ActiveCfg = Debug|Any CPU
		{704EBE41-CA6C-4351-AB5F-6221FDF53EAB}.Debug|x86.Build.0 = Debug|Any CPU
		{704EBE41-CA6C-4351-AB5F-6221FDF53EAB}.Release|Any CPU.ActiveCfg = Release|Any CPU
		{704EBE41-CA6C-4351-AB5F-6221FDF53EAB}.Release|Any CPU.Build.0 = Release|Any CPU
		{704EBE41-CA6C-4351-AB5F-6221FDF53EAB}.Release|x64.ActiveCfg = Release|Any CPU
		{704EBE41-CA6C-4351-AB5F-6221FDF53EAB}.Release|x64.Build.0 = Release|Any CPU
		{704EBE41-CA6C-4351-AB5F-6221FDF53EAB}.Release|x86.ActiveCfg = Release|Any CPU
		{704EBE41-CA6C-4351-AB5F-6221FDF53EAB}.Release|x86.Build.0 = Release|Any CPU
		{4AB0E8C8-FF34-4972-9D1D-F1A01C74395F}.Debug|Any CPU.ActiveCfg = Debug|Any CPU
		{4AB0E8C8-FF34-4972-9D1D-F1A01C74395F}.Debug|Any CPU.Build.0 = Debug|Any CPU
		{4AB0E8C8-FF34-4972-9D1D-F1A01C74395F}.Debug|x64.ActiveCfg = Debug|Any CPU
		{4AB0E8C8-FF34-4972-9D1D-F1A01C74395F}.Debug|x64.Build.0 = Debug|Any CPU
		{4AB0E8C8-FF34-4972-9D1D-F1A01C74395F}.Debug|x86.ActiveCfg = Debug|Any CPU
		{4AB0E8C8-FF34-4972-9D1D-F1A01C74395F}.Debug|x86.Build.0 = Debug|Any CPU
		{4AB0E8C8-FF34-4972-9D1D-F1A01C74395F}.Release|Any CPU.ActiveCfg = Release|Any CPU
		{4AB0E8C8-FF34-4972-9D1D-F1A01C74395F}.Release|Any CPU.Build.0 = Release|Any CPU
		{4AB0E8C8-FF34-4972-9D1D-F1A01C74395F}.Release|x64.ActiveCfg = Release|Any CPU
		{4AB0E8C8-FF34-4972-9D1D-F1A01C74395F}.Release|x64.Build.0 = Release|Any CPU
		{4AB0E8C8-FF34-4972-9D1D-F1A01C74395F}.Release|x86.ActiveCfg = Release|Any CPU
		{4AB0E8C8-FF34-4972-9D1D-F1A01C74395F}.Release|x86.Build.0 = Release|Any CPU
		{C941E426-79DF-4123-B610-5E1F303ABDF8}.Debug|Any CPU.ActiveCfg = Debug|Any CPU
		{C941E426-79DF-4123-B610-5E1F303ABDF8}.Debug|Any CPU.Build.0 = Debug|Any CPU
		{C941E426-79DF-4123-B610-5E1F303ABDF8}.Debug|x64.ActiveCfg = Debug|Any CPU
		{C941E426-79DF-4123-B610-5E1F303ABDF8}.Debug|x64.Build.0 = Debug|Any CPU
		{C941E426-79DF-4123-B610-5E1F303ABDF8}.Debug|x86.ActiveCfg = Debug|Any CPU
		{C941E426-79DF-4123-B610-5E1F303ABDF8}.Debug|x86.Build.0 = Debug|Any CPU
		{C941E426-79DF-4123-B610-5E1F303ABDF8}.Release|Any CPU.ActiveCfg = Release|Any CPU
		{C941E426-79DF-4123-B610-5E1F303ABDF8}.Release|Any CPU.Build.0 = Release|Any CPU
		{C941E426-79DF-4123-B610-5E1F303ABDF8}.Release|x64.ActiveCfg = Release|Any CPU
		{C941E426-79DF-4123-B610-5E1F303ABDF8}.Release|x64.Build.0 = Release|Any CPU
		{C941E426-79DF-4123-B610-5E1F303ABDF8}.Release|x86.ActiveCfg = Release|Any CPU
		{C941E426-79DF-4123-B610-5E1F303ABDF8}.Release|x86.Build.0 = Release|Any CPU
		{EBFABA9F-5479-4B11-BD76-BBD992BF1731}.Debug|Any CPU.ActiveCfg = Debug|Any CPU
		{EBFABA9F-5479-4B11-BD76-BBD992BF1731}.Debug|Any CPU.Build.0 = Debug|Any CPU
		{EBFABA9F-5479-4B11-BD76-BBD992BF1731}.Debug|x64.ActiveCfg = Debug|Any CPU
		{EBFABA9F-5479-4B11-BD76-BBD992BF1731}.Debug|x64.Build.0 = Debug|Any CPU
		{EBFABA9F-5479-4B11-BD76-BBD992BF1731}.Debug|x86.ActiveCfg = Debug|Any CPU
		{EBFABA9F-5479-4B11-BD76-BBD992BF1731}.Debug|x86.Build.0 = Debug|Any CPU
		{EBFABA9F-5479-4B11-BD76-BBD992BF1731}.Release|Any CPU.ActiveCfg = Release|Any CPU
		{EBFABA9F-5479-4B11-BD76-BBD992BF1731}.Release|Any CPU.Build.0 = Release|Any CPU
		{EBFABA9F-5479-4B11-BD76-BBD992BF1731}.Release|x64.ActiveCfg = Release|Any CPU
		{EBFABA9F-5479-4B11-BD76-BBD992BF1731}.Release|x64.Build.0 = Release|Any CPU
		{EBFABA9F-5479-4B11-BD76-BBD992BF1731}.Release|x86.ActiveCfg = Release|Any CPU
		{EBFABA9F-5479-4B11-BD76-BBD992BF1731}.Release|x86.Build.0 = Release|Any CPU
		{FBC2E79B-2BC7-4623-9E0A-7CB5FF9CA68A}.Debug|Any CPU.ActiveCfg = Debug|Any CPU
		{FBC2E79B-2BC7-4623-9E0A-7CB5FF9CA68A}.Debug|Any CPU.Build.0 = Debug|Any CPU
		{FBC2E79B-2BC7-4623-9E0A-7CB5FF9CA68A}.Debug|x64.ActiveCfg = Debug|Any CPU
		{FBC2E79B-2BC7-4623-9E0A-7CB5FF9CA68A}.Debug|x64.Build.0 = Debug|Any CPU
		{FBC2E79B-2BC7-4623-9E0A-7CB5FF9CA68A}.Debug|x86.ActiveCfg = Debug|Any CPU
		{FBC2E79B-2BC7-4623-9E0A-7CB5FF9CA68A}.Debug|x86.Build.0 = Debug|Any CPU
		{FBC2E79B-2BC7-4623-9E0A-7CB5FF9CA68A}.Release|Any CPU.ActiveCfg = Release|Any CPU
		{FBC2E79B-2BC7-4623-9E0A-7CB5FF9CA68A}.Release|Any CPU.Build.0 = Release|Any CPU
		{FBC2E79B-2BC7-4623-9E0A-7CB5FF9CA68A}.Release|x64.ActiveCfg = Release|Any CPU
		{FBC2E79B-2BC7-4623-9E0A-7CB5FF9CA68A}.Release|x64.Build.0 = Release|Any CPU
		{FBC2E79B-2BC7-4623-9E0A-7CB5FF9CA68A}.Release|x86.ActiveCfg = Release|Any CPU
		{FBC2E79B-2BC7-4623-9E0A-7CB5FF9CA68A}.Release|x86.Build.0 = Release|Any CPU
	EndGlobalSection
	GlobalSection(SolutionProperties) = preSolution
		HideSolutionNode = FALSE
	EndGlobalSection
	GlobalSection(NestedProjects) = preSolution
		{D0FB7980-9FE9-4C11-A456-8B4DF841C027} = {BE07F807-6B76-EC53-B6DC-FCFBF4AD6D93}
		{A0D3CF9A-AF31-45D0-97FE-FEEF2687127C} = {BE07F807-6B76-EC53-B6DC-FCFBF4AD6D93}
		{2EAD9D25-611C-4A73-8476-74F578E7A6FB} = {BE07F807-6B76-EC53-B6DC-FCFBF4AD6D93}
		{987B6E14-FC26-413A-9995-AAB609520FBD} = {BC594A6B-9950-1681-97C3-80EA6D7A4381}
		{68F7879A-AE73-4568-8626-0C1096C9591E} = {BC594A6B-9950-1681-97C3-80EA6D7A4381}
		{704EBE41-CA6C-4351-AB5F-6221FDF53EAB} = {BC594A6B-9950-1681-97C3-80EA6D7A4381}
		{4AB0E8C8-FF34-4972-9D1D-F1A01C74395F} = {5B072B29-6D10-6642-65E4-951F29C97508}
		{C941E426-79DF-4123-B610-5E1F303ABDF8} = {5B072B29-6D10-6642-65E4-951F29C97508}
		{EBFABA9F-5479-4B11-BD76-BBD992BF1731} = {5B072B29-6D10-6642-65E4-951F29C97508}
		{FBC2E79B-2BC7-4623-9E0A-7CB5FF9CA68A} = {5B072B29-6D10-6642-65E4-951F29C97508}
	EndGlobalSection
EndGlobal
