
Microsoft Visual Studio Solution File, Format Version 12.00
# Visual Studio Version 17
VisualStudioVersion = 17.0.31903.59
MinimumVisualStudioVersion = 10.0.40219.1
Project("{FAE04EC0-301F-11D3-BF4B-00C04F79EFBC}") = "NoException", "NoException\NoException.csproj", "{9E89DDBB-C737-46AD-872C-94283C609848}"
EndProject
Project("{FAE04EC0-301F-11D3-BF4B-00C04F79EFBC}") = "mathMagic", "mathMagic\mathMagic.csproj", "{78E92381-0417-49F8-8F08-8A17FEFFF48E}"
EndProject
Project("{FAE04EC0-301F-11D3-BF4B-00C04F79EFBC}") = "TempConverter", "TempConverter\TempConverter.csproj", "{05F044CC-06F9-476B-953F-37B647FE5CF0}"
EndProject
Project("{FAE04EC0-301F-11D3-BF4B-00C04F79EFBC}") = "tempConverter2", "tempConverter2\tempConverter2.csproj", "{E92BD894-8EA8-4494-A38B-F1DAF69A7E24}"
EndProject
Project("{FAE04EC0-301F-11D3-BF4B-00C04F79EFBC}") = "TestProjst", "..\TestProjst\TestProjst.csproj", "{D199CCFC-8392-428E-8028-FFB6C855292E}"
EndProject
Project("{FAE04EC0-301F-11D3-BF4B-00C04F79EFBC}") = "bookStore", "..\AssignmentTwo\bookStore\bookStore.csproj", "{68264B04-3DEC-436E-8FDB-A67BB683645B}"
EndProject
Project("{FAE04EC0-301F-11D3-BF4B-00C04F79EFBC}") = "bookStoreWithCount", "..\AssignmentTwo\bookStoreWithCount\bookStoreWithCount.csproj", "{9D6C095A-B482-4A5F-AD8B-73F158315F67}"
EndProject
Project("{FAE04EC0-301F-11D3-BF4B-00C04F79EFBC}") = "myProject", "..\AssignmentTwo\myProject\myProject.csproj", "{126D5F59-4F69-465A-B6D9-28F20FF80512}"
EndProject
Global
	GlobalSection(SolutionConfigurationPlatforms) = preSolution
		Debug|Any CPU = Debug|Any CPU
		Release|Any CPU = Release|Any CPU
	EndGlobalSection
	GlobalSection(SolutionProperties) = preSolution
		HideSolutionNode = FALSE
	EndGlobalSection
	GlobalSection(ProjectConfigurationPlatforms) = postSolution
		{9E89DDBB-C737-46AD-872C-94283C609848}.Debug|Any CPU.ActiveCfg = Debug|Any CPU
		{9E89DDBB-C737-46AD-872C-94283C609848}.Debug|Any CPU.Build.0 = Debug|Any CPU
		{9E89DDBB-C737-46AD-872C-94283C609848}.Release|Any CPU.ActiveCfg = Release|Any CPU
		{9E89DDBB-C737-46AD-872C-94283C609848}.Release|Any CPU.Build.0 = Release|Any CPU
		{78E92381-0417-49F8-8F08-8A17FEFFF48E}.Debug|Any CPU.ActiveCfg = Debug|Any CPU
		{78E92381-0417-49F8-8F08-8A17FEFFF48E}.Debug|Any CPU.Build.0 = Debug|Any CPU
		{78E92381-0417-49F8-8F08-8A17FEFFF48E}.Release|Any CPU.ActiveCfg = Release|Any CPU
		{78E92381-0417-49F8-8F08-8A17FEFFF48E}.Release|Any CPU.Build.0 = Release|Any CPU
		{05F044CC-06F9-476B-953F-37B647FE5CF0}.Debug|Any CPU.ActiveCfg = Debug|Any CPU
		{05F044CC-06F9-476B-953F-37B647FE5CF0}.Debug|Any CPU.Build.0 = Debug|Any CPU
		{05F044CC-06F9-476B-953F-37B647FE5CF0}.Release|Any CPU.ActiveCfg = Release|Any CPU
		{05F044CC-06F9-476B-953F-37B647FE5CF0}.Release|Any CPU.Build.0 = Release|Any CPU
		{E92BD894-8EA8-4494-A38B-F1DAF69A7E24}.Debug|Any CPU.ActiveCfg = Debug|Any CPU
		{E92BD894-8EA8-4494-A38B-F1DAF69A7E24}.Debug|Any CPU.Build.0 = Debug|Any CPU
		{E92BD894-8EA8-4494-A38B-F1DAF69A7E24}.Release|Any CPU.ActiveCfg = Release|Any CPU
		{E92BD894-8EA8-4494-A38B-F1DAF69A7E24}.Release|Any CPU.Build.0 = Release|Any CPU
		{D199CCFC-8392-428E-8028-FFB6C855292E}.Debug|Any CPU.ActiveCfg = Debug|Any CPU
		{D199CCFC-8392-428E-8028-FFB6C855292E}.Debug|Any CPU.Build.0 = Debug|Any CPU
		{D199CCFC-8392-428E-8028-FFB6C855292E}.Release|Any CPU.ActiveCfg = Release|Any CPU
		{D199CCFC-8392-428E-8028-FFB6C855292E}.Release|Any CPU.Build.0 = Release|Any CPU
		{68264B04-3DEC-436E-8FDB-A67BB683645B}.Debug|Any CPU.ActiveCfg = Debug|Any CPU
		{68264B04-3DEC-436E-8FDB-A67BB683645B}.Debug|Any CPU.Build.0 = Debug|Any CPU
		{68264B04-3DEC-436E-8FDB-A67BB683645B}.Release|Any CPU.ActiveCfg = Release|Any CPU
		{68264B04-3DEC-436E-8FDB-A67BB683645B}.Release|Any CPU.Build.0 = Release|Any CPU
		{9D6C095A-B482-4A5F-AD8B-73F158315F67}.Debug|Any CPU.ActiveCfg = Debug|Any CPU
		{9D6C095A-B482-4A5F-AD8B-73F158315F67}.Debug|Any CPU.Build.0 = Debug|Any CPU
		{9D6C095A-B482-4A5F-AD8B-73F158315F67}.Release|Any CPU.ActiveCfg = Release|Any CPU
		{9D6C095A-B482-4A5F-AD8B-73F158315F67}.Release|Any CPU.Build.0 = Release|Any CPU
		{126D5F59-4F69-465A-B6D9-28F20FF80512}.Debug|Any CPU.ActiveCfg = Debug|Any CPU
		{126D5F59-4F69-465A-B6D9-28F20FF80512}.Debug|Any CPU.Build.0 = Debug|Any CPU
		{126D5F59-4F69-465A-B6D9-28F20FF80512}.Release|Any CPU.ActiveCfg = Release|Any CPU
		{126D5F59-4F69-465A-B6D9-28F20FF80512}.Release|Any CPU.Build.0 = Release|Any CPU
	EndGlobalSection
EndGlobal
